
Microsoft Visual Studio Solution File, Format Version 12.00
# Visual Studio Version 16
VisualStudioVersion = 16.6.30114.105
MinimumVisualStudioVersion = 10.0.40219.1
Project("{9A19103F-16F7-4668-BE54-9A1E7A4F7556}") = "R5T.D0061.Construction", "R5T.D0061.Construction\R5T.D0061.Construction.csproj", "{E0573FA4-F1C0-443F-93D4-3EE7146CB801}"
EndProject
Project("{9A19103F-16F7-4668-BE54-9A1E7A4F7556}") = "R5T.D0061.Base", "R5T.D0061.Base\R5T.D0061.Base.csproj", "{69C84660-765B-4A2B-A852-5B070B17F574}"
EndProject
Project("{2150E333-8FDC-42A3-9474-1A3956D46DE8}") = "_Dependencies", "_Dependencies", "{EAC1F2EF-665C-4649-8DBC-B90416E789B6}"
EndProject
Project("{9A19103F-16F7-4668-BE54-9A1E7A4F7556}") = "R5T.D0061.Default", "R5T.D0061.Default\R5T.D0061.Default.csproj", "{BEB89258-15CC-4E80-AAC2-C8218A8FBDBC}"
EndProject
Project("{9A19103F-16F7-4668-BE54-9A1E7A4F7556}") = "R5T.L0009", "..\..\R5T.L0009\source\R5T.L0009\R5T.L0009.csproj", "{2B357107-92A9-4644-B2E2-88A4B0117ADB}"
EndProject
Project("{9A19103F-16F7-4668-BE54-9A1E7A4F7556}") = "R5T.Dacia.Extensions", "..\..\R5T.Dacia.Extensions\source\R5T.Dacia.Extensions\R5T.Dacia.Extensions.csproj", "{72F268A1-792A-4C16-932F-FA36D80B8EAA}"
EndProject
Project("{9A19103F-16F7-4668-BE54-9A1E7A4F7556}") = "R5T.Dacia", "..\..\R5T.Dacia\source\R5T.Dacia\R5T.Dacia.csproj", "{2DBE6D99-90BD-46C3-995D-EF0EF259E28D}"
EndProject
Project("{9A19103F-16F7-4668-BE54-9A1E7A4F7556}") = "R5T.T0064", "..\..\R5T.T0064\source\R5T.T0064\R5T.T0064.csproj", "{1616D5FB-6C94-4E40-A394-2C44BAC0C815}"
EndProject
Global
	GlobalSection(SolutionConfigurationPlatforms) = preSolution
		Debug|Any CPU = Debug|Any CPU
		Debug|x64 = Debug|x64
		Debug|x86 = Debug|x86
		Release|Any CPU = Release|Any CPU
		Release|x64 = Release|x64
		Release|x86 = Release|x86
	EndGlobalSection
	GlobalSection(ProjectConfigurationPlatforms) = postSolution
		{E0573FA4-F1C0-443F-93D4-3EE7146CB801}.Debug|Any CPU.ActiveCfg = Debug|Any CPU
		{E0573FA4-F1C0-443F-93D4-3EE7146CB801}.Debug|Any CPU.Build.0 = Debug|Any CPU
		{E0573FA4-F1C0-443F-93D4-3EE7146CB801}.Debug|x64.ActiveCfg = Debug|Any CPU
		{E0573FA4-F1C0-443F-93D4-3EE7146CB801}.Debug|x64.Build.0 = Debug|Any CPU
		{E0573FA4-F1C0-443F-93D4-3EE7146CB801}.Debug|x86.ActiveCfg = Debug|Any CPU
		{E0573FA4-F1C0-443F-93D4-3EE7146CB801}.Debug|x86.Build.0 = Debug|Any CPU
		{E0573FA4-F1C0-443F-93D4-3EE7146CB801}.Release|Any CPU.ActiveCfg = Release|Any CPU
		{E0573FA4-F1C0-443F-93D4-3EE7146CB801}.Release|Any CPU.Build.0 = Release|Any CPU
		{E0573FA4-F1C0-443F-93D4-3EE7146CB801}.Release|x64.ActiveCfg = Release|Any CPU
		{E0573FA4-F1C0-443F-93D4-3EE7146CB801}.Release|x64.Build.0 = Release|Any CPU
		{E0573FA4-F1C0-443F-93D4-3EE7146CB801}.Release|x86.ActiveCfg = Release|Any CPU
		{E0573FA4-F1C0-443F-93D4-3EE7146CB801}.Release|x86.Build.0 = Release|Any CPU
		{69C84660-765B-4A2B-A852-5B070B17F574}.Debug|Any CPU.ActiveCfg = Debug|Any CPU
		{69C84660-765B-4A2B-A852-5B070B17F574}.Debug|Any CPU.Build.0 = Debug|Any CPU
		{69C84660-765B-4A2B-A852-5B070B17F574}.Debug|x64.ActiveCfg = Debug|Any CPU
		{69C84660-765B-4A2B-A852-5B070B17F574}.Debug|x64.Build.0 = Debug|Any CPU
		{69C84660-765B-4A2B-A852-5B070B17F574}.Debug|x86.ActiveCfg = Debug|Any CPU
		{69C84660-765B-4A2B-A852-5B070B17F574}.Debug|x86.Build.0 = Debug|Any CPU
		{69C84660-765B-4A2B-A852-5B070B17F574}.Release|Any CPU.ActiveCfg = Release|Any CPU
		{69C84660-765B-4A2B-A852-5B070B17F574}.Release|Any CPU.Build.0 = Release|Any CPU
		{69C84660-765B-4A2B-A852-5B070B17F574}.Release|x64.ActiveCfg = Release|Any CPU
		{69C84660-765B-4A2B-A852-5B070B17F574}.Release|x64.Build.0 = Release|Any CPU
		{69C84660-765B-4A2B-A852-5B070B17F574}.Release|x86.ActiveCfg = Release|Any CPU
		{69C84660-765B-4A2B-A852-5B070B17F574}.Release|x86.Build.0 = Release|Any CPU
		{BEB89258-15CC-4E80-AAC2-C8218A8FBDBC}.Debug|Any CPU.ActiveCfg = Debug|Any CPU
		{BEB89258-15CC-4E80-AAC2-C8218A8FBDBC}.Debug|Any CPU.Build.0 = Debug|Any CPU
		{BEB89258-15CC-4E80-AAC2-C8218A8FBDBC}.Debug|x64.ActiveCfg = Debug|Any CPU
		{BEB89258-15CC-4E80-AAC2-C8218A8FBDBC}.Debug|x64.Build.0 = Debug|Any CPU
		{BEB89258-15CC-4E80-AAC2-C8218A8FBDBC}.Debug|x86.ActiveCfg = Debug|Any CPU
		{BEB89258-15CC-4E80-AAC2-C8218A8FBDBC}.Debug|x86.Build.0 = Debug|Any CPU
		{BEB89258-15CC-4E80-AAC2-C8218A8FBDBC}.Release|Any CPU.ActiveCfg = Release|Any CPU
		{BEB89258-15CC-4E80-AAC2-C8218A8FBDBC}.Release|Any CPU.Build.0 = Release|Any CPU
		{BEB89258-15CC-4E80-AAC2-C8218A8FBDBC}.Release|x64.ActiveCfg = Release|Any CPU
		{BEB89258-15CC-4E80-AAC2-C8218A8FBDBC}.Release|x64.Build.0 = Release|Any CPU
		{BEB89258-15CC-4E80-AAC2-C8218A8FBDBC}.Release|x86.ActiveCfg = Release|Any CPU
		{BEB89258-15CC-4E80-AAC2-C8218A8FBDBC}.Release|x86.Build.0 = Release|Any CPU
		{2B357107-92A9-4644-B2E2-88A4B0117ADB}.Debug|Any CPU.ActiveCfg = Debug|Any CPU
		{2B357107-92A9-4644-B2E2-88A4B0117ADB}.Debug|Any CPU.Build.0 = Debug|Any CPU
		{2B357107-92A9-4644-B2E2-88A4B0117ADB}.Debug|x64.ActiveCfg = Debug|Any CPU
		{2B357107-92A9-4644-B2E2-88A4B0117ADB}.Debug|x64.Build.0 = Debug|Any CPU
		{2B357107-92A9-4644-B2E2-88A4B0117ADB}.Debug|x86.ActiveCfg = Debug|Any CPU
		{2B357107-92A9-4644-B2E2-88A4B0117ADB}.Debug|x86.Build.0 = Debug|Any CPU
		{2B357107-92A9-4644-B2E2-88A4B0117ADB}.Release|Any CPU.ActiveCfg = Release|Any CPU
		{2B357107-92A9-4644-B2E2-88A4B0117ADB}.Release|Any CPU.Build.0 = Release|Any CPU
		{2B357107-92A9-4644-B2E2-88A4B0117ADB}.Release|x64.ActiveCfg = Release|Any CPU
		{2B357107-92A9-4644-B2E2-88A4B0117ADB}.Release|x64.Build.0 = Release|Any CPU
		{2B357107-92A9-4644-B2E2-88A4B0117ADB}.Release|x86.ActiveCfg = Release|Any CPU
		{2B357107-92A9-4644-B2E2-88A4B0117ADB}.Release|x86.Build.0 = Release|Any CPU
		{72F268A1-792A-4C16-932F-FA36D80B8EAA}.Debug|Any CPU.ActiveCfg = Debug|Any CPU
		{72F268A1-792A-4C16-932F-FA36D80B8EAA}.Debug|Any CPU.Build.0 = Debug|Any CPU
		{72F268A1-792A-4C16-932F-FA36D80B8EAA}.Debug|x64.ActiveCfg = Debug|Any CPU
		{72F268A1-792A-4C16-932F-FA36D80B8EAA}.Debug|x64.Build.0 = Debug|Any CPU
		{72F268A1-792A-4C16-932F-FA36D80B8EAA}.Debug|x86.ActiveCfg = Debug|Any CPU
		{72F268A1-792A-4C16-932F-FA36D80B8EAA}.Debug|x86.Build.0 = Debug|Any CPU
		{72F268A1-792A-4C16-932F-FA36D80B8EAA}.Release|Any CPU.ActiveCfg = Release|Any CPU
		{72F268A1-792A-4C16-932F-FA36D80B8EAA}.Release|Any CPU.Build.0 = Release|Any CPU
		{72F268A1-792A-4C16-932F-FA36D80B8EAA}.Release|x64.ActiveCfg = Release|Any CPU
		{72F268A1-792A-4C16-932F-FA36D80B8EAA}.Release|x64.Build.0 = Release|Any CPU
		{72F268A1-792A-4C16-932F-FA36D80B8EAA}.Release|x86.ActiveCfg = Release|Any CPU
		{72F268A1-792A-4C16-932F-FA36D80B8EAA}.Release|x86.Build.0 = Release|Any CPU
		{2DBE6D99-90BD-46C3-995D-EF0EF259E28D}.Debug|Any CPU.ActiveCfg = Debug|Any CPU
		{2DBE6D99-90BD-46C3-995D-EF0EF259E28D}.Debug|Any CPU.Build.0 = Debug|Any CPU
		{2DBE6D99-90BD-46C3-995D-EF0EF259E28D}.Debug|x64.ActiveCfg = Debug|Any CPU
		{2DBE6D99-90BD-46C3-995D-EF0EF259E28D}.Debug|x64.Build.0 = Debug|Any CPU
		{2DBE6D99-90BD-46C3-995D-EF0EF259E28D}.Debug|x86.ActiveCfg = Debug|Any CPU
		{2DBE6D99-90BD-46C3-995D-EF0EF259E28D}.Debug|x86.Build.0 = Debug|Any CPU
		{2DBE6D99-90BD-46C3-995D-EF0EF259E28D}.Release|Any CPU.ActiveCfg = Release|Any CPU
		{2DBE6D99-90BD-46C3-995D-EF0EF259E28D}.Release|Any CPU.Build.0 = Release|Any CPU
		{2DBE6D99-90BD-46C3-995D-EF0EF259E28D}.Release|x64.ActiveCfg = Release|Any CPU
		{2DBE6D99-90BD-46C3-995D-EF0EF259E28D}.Release|x64.Build.0 = Release|Any CPU
		{2DBE6D99-90BD-46C3-995D-EF0EF259E28D}.Release|x86.ActiveCfg = Release|Any CPU
		{2DBE6D99-90BD-46C3-995D-EF0EF259E28D}.Release|x86.Build.0 = Release|Any CPU
		{1616D5FB-6C94-4E40-A394-2C44BAC0C815}.Debug|Any CPU.ActiveCfg = Debug|Any CPU
		{1616D5FB-6C94-4E40-A394-2C44BAC0C815}.Debug|Any CPU.Build.0 = Debug|Any CPU
		{1616D5FB-6C94-4E40-A394-2C44BAC0C815}.Debug|x64.ActiveCfg = Debug|Any CPU
		{1616D5FB-6C94-4E40-A394-2C44BAC0C815}.Debug|x64.Build.0 = Debug|Any CPU
		{1616D5FB-6C94-4E40-A394-2C44BAC0C815}.Debug|x86.ActiveCfg = Debug|Any CPU
		{1616D5FB-6C94-4E40-A394-2C44BAC0C815}.Debug|x86.Build.0 = Debug|Any CPU
		{1616D5FB-6C94-4E40-A394-2C44BAC0C815}.Release|Any CPU.ActiveCfg = Release|Any CPU
		{1616D5FB-6C94-4E40-A394-2C44BAC0C815}.Release|Any CPU.Build.0 = Release|Any CPU
		{1616D5FB-6C94-4E40-A394-2C44BAC0C815}.Release|x64.ActiveCfg = Release|Any CPU
		{1616D5FB-6C94-4E40-A394-2C44BAC0C815}.Release|x64.Build.0 = Release|Any CPU
		{1616D5FB-6C94-4E40-A394-2C44BAC0C815}.Release|x86.ActiveCfg = Release|Any CPU
		{1616D5FB-6C94-4E40-A394-2C44BAC0C815}.Release|x86.Build.0 = Release|Any CPU
	EndGlobalSection
	GlobalSection(SolutionProperties) = preSolution
		HideSolutionNode = FALSE
	EndGlobalSection
	GlobalSection(NestedProjects) = preSolution
		{2B357107-92A9-4644-B2E2-88A4B0117ADB} = {EAC1F2EF-665C-4649-8DBC-B90416E789B6}
		{72F268A1-792A-4C16-932F-FA36D80B8EAA} = {EAC1F2EF-665C-4649-8DBC-B90416E789B6}
		{2DBE6D99-90BD-46C3-995D-EF0EF259E28D} = {EAC1F2EF-665C-4649-8DBC-B90416E789B6}
		{1616D5FB-6C94-4E40-A394-2C44BAC0C815} = {EAC1F2EF-665C-4649-8DBC-B90416E789B6}
	EndGlobalSection
	GlobalSection(ExtensibilityGlobals) = postSolution
		SolutionGuid = {A13A9E30-B1E7-47E6-8FA9-8201799DEA3B}
	EndGlobalSection
EndGlobal
