
Microsoft Visual Studio Solution File, Format Version 12.00
# Visual Studio Version 16
VisualStudioVersion = 16.0.30114.105
MinimumVisualStudioVersion = 10.0.40219.1
Project("{FAE04EC0-301F-11D3-BF4B-00C04F79EFBC}") = "R5T.D0061.Base", "R5T.D0061.Base\R5T.D0061.Base.csproj", "{DAFBA7D1-C19E-43A3-ACF0-FFCFF1706266}"
EndProject
Project("{FAE04EC0-301F-11D3-BF4B-00C04F79EFBC}") = "R5T.D0061.Construction", "R5T.D0061.Construction\R5T.D0061.Construction.csproj", "{5D38D325-2A59-42AB-A643-FD461C729A79}"
EndProject
Project("{FAE04EC0-301F-11D3-BF4B-00C04F79EFBC}") = "R5T.D0061.Default", "R5T.D0061.Default\R5T.D0061.Default.csproj", "{24A867E0-F14D-4846-B2B4-EC2E33AFC50F}"
EndProject
Global
	GlobalSection(SolutionConfigurationPlatforms) = preSolution
		Debug|Any CPU = Debug|Any CPU
		Debug|x64 = Debug|x64
		Debug|x86 = Debug|x86
		Release|Any CPU = Release|Any CPU
		Release|x64 = Release|x64
		Release|x86 = Release|x86
	EndGlobalSection
	GlobalSection(SolutionProperties) = preSolution
		HideSolutionNode = FALSE
	EndGlobalSection
	GlobalSection(ProjectConfigurationPlatforms) = postSolution
		{DAFBA7D1-C19E-43A3-ACF0-FFCFF1706266}.Debug|Any CPU.ActiveCfg = Debug|Any CPU
		{DAFBA7D1-C19E-43A3-ACF0-FFCFF1706266}.Debug|Any CPU.Build.0 = Debug|Any CPU
		{DAFBA7D1-C19E-43A3-ACF0-FFCFF1706266}.Debug|x64.ActiveCfg = Debug|Any CPU
		{DAFBA7D1-C19E-43A3-ACF0-FFCFF1706266}.Debug|x64.Build.0 = Debug|Any CPU
		{DAFBA7D1-C19E-43A3-ACF0-FFCFF1706266}.Debug|x86.ActiveCfg = Debug|Any CPU
		{DAFBA7D1-C19E-43A3-ACF0-FFCFF1706266}.Debug|x86.Build.0 = Debug|Any CPU
		{DAFBA7D1-C19E-43A3-ACF0-FFCFF1706266}.Release|Any CPU.ActiveCfg = Release|Any CPU
		{DAFBA7D1-C19E-43A3-ACF0-FFCFF1706266}.Release|Any CPU.Build.0 = Release|Any CPU
		{DAFBA7D1-C19E-43A3-ACF0-FFCFF1706266}.Release|x64.ActiveCfg = Release|Any CPU
		{DAFBA7D1-C19E-43A3-ACF0-FFCFF1706266}.Release|x64.Build.0 = Release|Any CPU
		{DAFBA7D1-C19E-43A3-ACF0-FFCFF1706266}.Release|x86.ActiveCfg = Release|Any CPU
		{DAFBA7D1-C19E-43A3-ACF0-FFCFF1706266}.Release|x86.Build.0 = Release|Any CPU
		{5D38D325-2A59-42AB-A643-FD461C729A79}.Debug|Any CPU.ActiveCfg = Debug|Any CPU
		{5D38D325-2A59-42AB-A643-FD461C729A79}.Debug|Any CPU.Build.0 = Debug|Any CPU
		{5D38D325-2A59-42AB-A643-FD461C729A79}.Debug|x64.ActiveCfg = Debug|Any CPU
		{5D38D325-2A59-42AB-A643-FD461C729A79}.Debug|x64.Build.0 = Debug|Any CPU
		{5D38D325-2A59-42AB-A643-FD461C729A79}.Debug|x86.ActiveCfg = Debug|Any CPU
		{5D38D325-2A59-42AB-A643-FD461C729A79}.Debug|x86.Build.0 = Debug|Any CPU
		{5D38D325-2A59-42AB-A643-FD461C729A79}.Release|Any CPU.ActiveCfg = Release|Any CPU
		{5D38D325-2A59-42AB-A643-FD461C729A79}.Release|Any CPU.Build.0 = Release|Any CPU
		{5D38D325-2A59-42AB-A643-FD461C729A79}.Release|x64.ActiveCfg = Release|Any CPU
		{5D38D325-2A59-42AB-A643-FD461C729A79}.Release|x64.Build.0 = Release|Any CPU
		{5D38D325-2A59-42AB-A643-FD461C729A79}.Release|x86.ActiveCfg = Release|Any CPU
		{5D38D325-2A59-42AB-A643-FD461C729A79}.Release|x86.Build.0 = Release|Any CPU
		{24A867E0-F14D-4846-B2B4-EC2E33AFC50F}.Debug|Any CPU.ActiveCfg = Debug|Any CPU
		{24A867E0-F14D-4846-B2B4-EC2E33AFC50F}.Debug|Any CPU.Build.0 = Debug|Any CPU
		{24A867E0-F14D-4846-B2B4-EC2E33AFC50F}.Debug|x64.ActiveCfg = Debug|Any CPU
		{24A867E0-F14D-4846-B2B4-EC2E33AFC50F}.Debug|x64.Build.0 = Debug|Any CPU
		{24A867E0-F14D-4846-B2B4-EC2E33AFC50F}.Debug|x86.ActiveCfg = Debug|Any CPU
		{24A867E0-F14D-4846-B2B4-EC2E33AFC50F}.Debug|x86.Build.0 = Debug|Any CPU
		{24A867E0-F14D-4846-B2B4-EC2E33AFC50F}.Release|Any CPU.ActiveCfg = Release|Any CPU
		{24A867E0-F14D-4846-B2B4-EC2E33AFC50F}.Release|Any CPU.Build.0 = Release|Any CPU
		{24A867E0-F14D-4846-B2B4-EC2E33AFC50F}.Release|x64.ActiveCfg = Release|Any CPU
		{24A867E0-F14D-4846-B2B4-EC2E33AFC50F}.Release|x64.Build.0 = Release|Any CPU
		{24A867E0-F14D-4846-B2B4-EC2E33AFC50F}.Release|x86.ActiveCfg = Release|Any CPU
		{24A867E0-F14D-4846-B2B4-EC2E33AFC50F}.Release|x86.Build.0 = Release|Any CPU
	EndGlobalSection
EndGlobal
